// !$*UTF8*$!
{
	archiveVersion = 1;
	classes = {
	};
	objectVersion = 77;
	objects = {

/* Begin PBXBuildFile section */
		C83BACAC2FB96A53001114FE /* FontKit in Frameworks */ = {isa = PBXBuildFile; productRef = C83BACAB2FB96A53001114FE /* FontKit */; };
		C8726CEF2FB3F0FF0087713F /* Dependencies in Frameworks */ = {isa = PBXBuildFile; productRef = C8726CEE2FB3F0FF0087713F /* Dependencies */; };
		C8726CF12FB3F0FF0087713F /* DependenciesMacros in Frameworks */ = {isa = PBXBuildFile; productRef = C8726CF02FB3F0FF0087713F /* DependenciesMacros */; };
		C8726CF32FB3F0FF0087713F /* DependenciesTestSupport in Frameworks */ = {isa = PBXBuildFile; productRef = C8726CF22FB3F0FF0087713F /* DependenciesTestSupport */; };
/* End PBXBuildFile section */

/* Begin PBXContainerItemProxy section */
		C8D6171D2FAF5EE500CDFC39 /* PBXContainerItemProxy */ = {
			isa = PBXContainerItemProxy;
			containerPortal = 1B2918AE2F73EA8B008A369D /* Project object */;
			proxyType = 1;
			remoteGlobalIDString = 1B2918B52F73EA8B008A369D;
			remoteInfo = MythConf26;
		};
/* End PBXContainerItemProxy section */

/* Begin PBXCopyFilesBuildPhase section */
		1B2919CA2F74454F008A369D /* Embed Foundation Extensions */ = {
			isa = PBXCopyFilesBuildPhase;
			buildActionMask = 2147483647;
			dstPath = "";
			dstSubfolderSpec = 13;
			files = (
			);
			name = "Embed Foundation Extensions";
			runOnlyForDeploymentPostprocessing = 0;
		};
/* End PBXCopyFilesBuildPhase section */

/* Begin PBXFileReference section */
		1B2918B62F73EA8B008A369D /* MythConf26.app */ = {isa = PBXFileReference; explicitFileType = wrapper.application; includeInIndex = 0; path = MythConf26.app; sourceTree = BUILT_PRODUCTS_DIR; };
		1B2919B72F74454E008A369D /* SwiftUI.framework */ = {isa = PBXFileReference; lastKnownFileType = wrapper.framework; name = SwiftUI.framework; path = System/Library/Frameworks/SwiftUI.framework; sourceTree = SDKROOT; };
		C8D617172FAF5EE500CDFC39 /* MythConf26UITests.xctest */ = {isa = PBXFileReference; explicitFileType = wrapper.cfbundle; includeInIndex = 0; path = MythConf26UITests.xctest; sourceTree = BUILT_PRODUCTS_DIR; };
/* End PBXFileReference section */

/* Begin PBXFileSystemSynchronizedBuildFileExceptionSet section */
		C8C5AE442FB5F4A3000E1F08 /* Exceptions for "MythConf26" folder in "MythConf26" target */ = {
			isa = PBXFileSystemSynchronizedBuildFileExceptionSet;
			membershipExceptions = (
				Info.plist,
			);
			target = 1B2918B52F73EA8B008A369D /* MythConf26 */;
		};
/* End PBXFileSystemSynchronizedBuildFileExceptionSet section */

/* Begin PBXFileSystemSynchronizedRootGroup section */
		1B2918B82F73EA8B008A369D /* MythConf26 */ = {
			isa = PBXFileSystemSynchronizedRootGroup;
			exceptions = (
				C8C5AE442FB5F4A3000E1F08 /* Exceptions for "MythConf26" folder in "MythConf26" target */,
			);
			path = MythConf26;
			sourceTree = "<group>";
		};
		C8D617182FAF5EE500CDFC39 /* MythConf26UITests */ = {
			isa = PBXFileSystemSynchronizedRootGroup;
			path = MythConf26UITests;
			sourceTree = "<group>";
		};
/* End PBXFileSystemSynchronizedRootGroup section */

/* Begin PBXFrameworksBuildPhase section */
		1B2918B32F73EA8B008A369D /* Frameworks */ = {
			isa = PBXFrameworksBuildPhase;
			buildActionMask = 2147483647;
			files = (
				C83BACAC2FB96A53001114FE /* FontKit in Frameworks */,
				C8726CF12FB3F0FF0087713F /* DependenciesMacros in Frameworks */,
				C8726CEF2FB3F0FF0087713F /* Dependencies in Frameworks */,
			);
			runOnlyForDeploymentPostprocessing = 0;
		};
		C8D617142FAF5EE500CDFC39 /* Frameworks */ = {
			isa = PBXFrameworksBuildPhase;
			buildActionMask = 2147483647;
			files = (
				C8726CF32FB3F0FF0087713F /* DependenciesTestSupport in Frameworks */,
			);
			runOnlyForDeploymentPostprocessing = 0;
		};
/* End PBXFrameworksBuildPhase section */

/* Begin PBXGroup section */
		1B2918AD2F73EA8B008A369D = {
			isa = PBXGroup;
			children = (
				1B2918B82F73EA8B008A369D /* MythConf26 */,
				C8D617182FAF5EE500CDFC39 /* MythConf26UITests */,
				1B2919B42F74454E008A369D /* Frameworks */,
				1B2918B72F73EA8B008A369D /* Products */,
			);
			sourceTree = "<group>";
		};
		1B2918B72F73EA8B008A369D /* Products */ = {
			isa = PBXGroup;
			children = (
				1B2918B62F73EA8B008A369D /* MythConf26.app */,
				C8D617172FAF5EE500CDFC39 /* MythConf26UITests.xctest */,
			);
			name = Products;
			sourceTree = "<group>";
		};
		1B2919B42F74454E008A369D /* Frameworks */ = {
			isa = PBXGroup;
			children = (
				1B2919B72F74454E008A369D /* SwiftUI.framework */,
			);
			name = Frameworks;
			sourceTree = "<group>";
		};
/* End PBXGroup section */

/* Begin PBXNativeTarget section */
		1B2918B52F73EA8B008A369D /* MythConf26 */ = {
			isa = PBXNativeTarget;
			buildConfigurationList = 1B2918C12F73EA8B008A369D /* Build configuration list for PBXNativeTarget "MythConf26" */;
			buildPhases = (
				1B2918B22F73EA8B008A369D /* Sources */,
				1B2918B32F73EA8B008A369D /* Frameworks */,
				1B2918B42F73EA8B008A369D /* Resources */,
				1B2919CA2F74454F008A369D /* Embed Foundation Extensions */,
				C808CFE72FB34796008C8478 /* A11Y Check */,
			);
			buildRules = (
			);
			dependencies = (
			);
			fileSystemSynchronizedGroups = (
				1B2918B82F73EA8B008A369D /* MythConf26 */,
			);
			name = MythConf26;
			packageProductDependencies = (
				C8726CEE2FB3F0FF0087713F /* Dependencies */,
				C8726CF02FB3F0FF0087713F /* DependenciesMacros */,
				C83BACAB2FB96A53001114FE /* FontKit */,
			);
			productName = IOSDevuk26;
			productReference = 1B2918B62F73EA8B008A369D /* MythConf26.app */;
			productType = "com.apple.product-type.application";
		};
		C8D617162FAF5EE500CDFC39 /* MythConf26UITests */ = {
			isa = PBXNativeTarget;
			buildConfigurationList = C8D6171F2FAF5EE500CDFC39 /* Build configuration list for PBXNativeTarget "MythConf26UITests" */;
			buildPhases = (
				C8D617132FAF5EE500CDFC39 /* Sources */,
				C8D617142FAF5EE500CDFC39 /* Frameworks */,
				C8D617152FAF5EE500CDFC39 /* Resources */,
			);
			buildRules = (
			);
			dependencies = (
				C8D6171E2FAF5EE500CDFC39 /* PBXTargetDependency */,
			);
			fileSystemSynchronizedGroups = (
				C8D617182FAF5EE500CDFC39 /* MythConf26UITests */,
			);
			name = MythConf26UITests;
			packageProductDependencies = (
				C8726CF22FB3F0FF0087713F /* DependenciesTestSupport */,
			);
			productName = MythConf26UITests;
			productReference = C8D617172FAF5EE500CDFC39 /* MythConf26UITests.xctest */;
			productType = "com.apple.product-type.bundle.ui-testing";
		};
/* End PBXNativeTarget section */

/* Begin PBXProject section */
		1B2918AE2F73EA8B008A369D /* Project object */ = {
			isa = PBXProject;
			attributes = {
				BuildIndependentTargetsInParallel = 1;
				LastSwiftUpdateCheck = 2640;
				LastUpgradeCheck = 2640;
				TargetAttributes = {
					1B2918B52F73EA8B008A369D = {
						CreatedOnToolsVersion = 26.3;
					};
					C8D617162FAF5EE500CDFC39 = {
						CreatedOnToolsVersion = 26.4;
						TestTargetID = 1B2918B52F73EA8B008A369D;
					};
				};
			};
			buildConfigurationList = 1B2918B12F73EA8B008A369D /* Build configuration list for PBXProject "MythConf26" */;
			developmentRegion = en;
			hasScannedForEncodings = 0;
			knownRegions = (
				en,
				Base,
			);
			mainGroup = 1B2918AD2F73EA8B008A369D;
			minimizedProjectReferenceProxies = 1;
			packageReferences = (
				C8726CED2FB3F0FF0087713F /* XCRemoteSwiftPackageReference "swift-dependencies" */,
				C83BACAA2FB96A53001114FE /* XCRemoteSwiftPackageReference "FontKit" */,
			);
			preferredProjectObjectVersion = 77;
			productRefGroup = 1B2918B72F73EA8B008A369D /* Products */;
			projectDirPath = "";
			projectRoot = "";
			targets = (
				1B2918B52F73EA8B008A369D /* MythConf26 */,
				C8D617162FAF5EE500CDFC39 /* MythConf26UITests */,
			);
		};
/* End PBXProject section */

/* Begin PBXResourcesBuildPhase section */
		1B2918B42F73EA8B008A369D /* Resources */ = {
			isa = PBXResourcesBuildPhase;
			buildActionMask = 2147483647;
			files = (
			);
			runOnlyForDeploymentPostprocessing = 0;
		};
		C8D617152FAF5EE500CDFC39 /* Resources */ = {
			isa = PBXResourcesBuildPhase;
			buildActionMask = 2147483647;
			files = (
			);
			runOnlyForDeploymentPostprocessing = 0;
		};
/* End PBXResourcesBuildPhase section */

/* Begin PBXShellScriptBuildPhase section */
		C808CFE72FB34796008C8478 /* A11Y Check */ = {
			isa = PBXShellScriptBuildPhase;
			alwaysOutOfDate = 1;
			buildActionMask = 2147483647;
			files = (
			);
			inputFileListPaths = (
			);
			inputPaths = (
			);
			name = "A11Y Check";
			outputFileListPaths = (
			);
			outputPaths = (
			);
			runOnlyForDeploymentPostprocessing = 0;
			shellPath = /bin/sh;
			shellScript = "if [[ \"$(uname -m)\" == \"arm64\" ]]; then\n  export PATH=\"/opt/homebrew/bin:$PATH\"\nfi\n\n# Check if running in a SwiftUI preview\nif [[ \"$XCODE_RUNNING_FOR_PREVIEWS\" != \"1\" ]]; then\n  if command -v a11y-check > /dev/null; then\n    a11y-check . --format xcode\n  else\n    printf 'warning: a11y-check not installed. Install via Homebrew:\\n\\nbrew tap cvs-health/ios-swiftui-accessibility-techniques https://github.com/cvs-health/ios-swiftui-accessibility-techniques.git\\n\\nbrew install --HEAD cvs-health/ios-swiftui-accessibility-techniques/a11y-check\\n\\n'\n  fi\nfi\n\n";
			showEnvVarsInLog = 0;
		};
/* End PBXShellScriptBuildPhase section */

/* Begin PBXSourcesBuildPhase section */
		1B2918B22F73EA8B008A369D /* Sources */ = {
			isa = PBXSourcesBuildPhase;
			buildActionMask = 2147483647;
			files = (
			);
			runOnlyForDeploymentPostprocessing = 0;
		};
		C8D617132FAF5EE500CDFC39 /* Sources */ = {
			isa = PBXSourcesBuildPhase;
			buildActionMask = 2147483647;
			files = (
			);
			runOnlyForDeploymentPostprocessing = 0;
		};
/* End PBXSourcesBuildPhase section */

/* Begin PBXTargetDependency section */
		C8D6171E2FAF5EE500CDFC39 /* PBXTargetDependency */ = {
			isa = PBXTargetDependency;
			target = 1B2918B52F73EA8B008A369D /* MythConf26 */;
			targetProxy = C8D6171D2FAF5EE500CDFC39 /* PBXContainerItemProxy */;
		};
/* End PBXTargetDependency section */

/* Begin XCBuildConfiguration section */
		1B2918BF2F73EA8B008A369D /* Debug */ = {
			isa = XCBuildConfiguration;
			buildSettings = {
				ALWAYS_SEARCH_USER_PATHS = NO;
				ASSETCATALOG_COMPILER_GENERATE_SWIFT_ASSET_SYMBOL_EXTENSIONS = YES;
				CLANG_ANALYZER_NONNULL = YES;
				CLANG_ANALYZER_NUMBER_OBJECT_CONVERSION = YES_AGGRESSIVE;
				CLANG_CXX_LANGUAGE_STANDARD = "gnu++20";
				CLANG_ENABLE_MODULES = YES;
				CLANG_ENABLE_OBJC_ARC = YES;
				CLANG_ENABLE_OBJC_WEAK = YES;
				CLANG_WARN_BLOCK_CAPTURE_AUTORELEASING = YES;
				CLANG_WARN_BOOL_CONVERSION = YES;
				CLANG_WARN_COMMA = YES;
				CLANG_WARN_CONSTANT_CONVERSION = YES;
				CLANG_WARN_DEPRECATED_OBJC_IMPLEMENTATIONS = YES;
				CLANG_WARN_DIRECT_OBJC_ISA_USAGE = YES_ERROR;
				CLANG_WARN_DOCUMENTATION_COMMENTS = YES;
				CLANG_WARN_EMPTY_BODY = YES;
				CLANG_WARN_ENUM_CONVERSION = YES;
				CLANG_WARN_INFINITE_RECURSION = YES;
				CLANG_WARN_INT_CONVERSION = YES;
				CLANG_WARN_NON_LITERAL_NULL_CONVERSION = YES;
				CLANG_WARN_OBJC_IMPLICIT_RETAIN_SELF = YES;
				CLANG_WARN_OBJC_LITERAL_CONVERSION = YES;
				CLANG_WARN_OBJC_ROOT_CLASS = YES_ERROR;
				CLANG_WARN_QUOTED_INCLUDE_IN_FRAMEWORK_HEADER = YES;
				CLANG_WARN_RANGE_LOOP_ANALYSIS = YES;
				CLANG_WARN_STRICT_PROTOTYPES = YES;
				CLANG_WARN_SUSPICIOUS_MOVE = YES;
				CLANG_WARN_UNGUARDED_AVAILABILITY = YES_AGGRESSIVE;
				CLANG_WARN_UNREACHABLE_CODE = YES;
				CLANG_WARN__DUPLICATE_METHOD_MATCH = YES;
				COPY_PHASE_STRIP = NO;
				DEBUG_INFORMATION_FORMAT = dwarf;
				DEVELOPMENT_TEAM = Y48AZMY2V2;
				ENABLE_STRICT_OBJC_MSGSEND = YES;
				ENABLE_TESTABILITY = YES;
				ENABLE_USER_SCRIPT_SANDBOXING = YES;
				GCC_C_LANGUAGE_STANDARD = gnu17;
				GCC_DYNAMIC_NO_PIC = NO;
				GCC_NO_COMMON_BLOCKS = YES;
				GCC_OPTIMIZATION_LEVEL = 0;
				GCC_PREPROCESSOR_DEFINITIONS = (
					"DEBUG=1",
					"$(inherited)",
				);
				GCC_WARN_64_TO_32_BIT_CONVERSION = YES;
				GCC_WARN_ABOUT_RETURN_TYPE = YES_ERROR;
				GCC_WARN_UNDECLARED_SELECTOR = YES;
				GCC_WARN_UNINITIALIZED_AUTOS = YES_AGGRESSIVE;
				GCC_WARN_UNUSED_FUNCTION = YES;
				GCC_WARN_UNUSED_VARIABLE = YES;
				IPHONEOS_DEPLOYMENT_TARGET = 26.2;
				LOCALIZATION_PREFERS_STRING_CATALOGS = YES;
				MTL_ENABLE_DEBUG_INFO = INCLUDE_SOURCE;
				MTL_FAST_MATH = YES;
				ONLY_ACTIVE_ARCH = YES;
				SDKROOT = iphoneos;
				STRING_CATALOG_GENERATE_SYMBOLS = YES;
				SWIFT_ACTIVE_COMPILATION_CONDITIONS = "DEBUG $(inherited)";
				SWIFT_OPTIMIZATION_LEVEL = "-Onone";
			};
			name = Debug;
		};
		1B2918C02F73EA8B008A369D /* Release */ = {
			isa = XCBuildConfiguration;
			buildSettings = {
				ALWAYS_SEARCH_USER_PATHS = NO;
				ASSETCATALOG_COMPILER_GENERATE_SWIFT_ASSET_SYMBOL_EXTENSIONS = YES;
				CLANG_ANALYZER_NONNULL = YES;
				CLANG_ANALYZER_NUMBER_OBJECT_CONVERSION = YES_AGGRESSIVE;
				CLANG_CXX_LANGUAGE_STANDARD = "gnu++20";
				CLANG_ENABLE_MODULES = YES;
				CLANG_ENABLE_OBJC_ARC = YES;
				CLANG_ENABLE_OBJC_WEAK = YES;
				CLANG_WARN_BLOCK_CAPTURE_AUTORELEASING = YES;
				CLANG_WARN_BOOL_CONVERSION = YES;
				CLANG_WARN_COMMA = YES;
				CLANG_WARN_CONSTANT_CONVERSION = YES;
				CLANG_WARN_DEPRECATED_OBJC_IMPLEMENTATIONS = YES;
				CLANG_WARN_DIRECT_OBJC_ISA_USAGE = YES_ERROR;
				CLANG_WARN_DOCUMENTATION_COMMENTS = YES;
				CLANG_WARN_EMPTY_BODY = YES;
				CLANG_WARN_ENUM_CONVERSION = YES;
				CLANG_WARN_INFINITE_RECURSION = YES;
				CLANG_WARN_INT_CONVERSION = YES;
				CLANG_WARN_NON_LITERAL_NULL_CONVERSION = YES;
				CLANG_WARN_OBJC_IMPLICIT_RETAIN_SELF = YES;
				CLANG_WARN_OBJC_LITERAL_CONVERSION = YES;
				CLANG_WARN_OBJC_ROOT_CLASS = YES_ERROR;
				CLANG_WARN_QUOTED_INCLUDE_IN_FRAMEWORK_HEADER = YES;
				CLANG_WARN_RANGE_LOOP_ANALYSIS = YES;
				CLANG_WARN_STRICT_PROTOTYPES = YES;
				CLANG_WARN_SUSPICIOUS_MOVE = YES;
				CLANG_WARN_UNGUARDED_AVAILABILITY = YES_AGGRESSIVE;
				CLANG_WARN_UNREACHABLE_CODE = YES;
				CLANG_WARN__DUPLICATE_METHOD_MATCH = YES;
				COPY_PHASE_STRIP = NO;
				DEBUG_INFORMATION_FORMAT = "dwarf-with-dsym";
				DEVELOPMENT_TEAM = Y48AZMY2V2;
				ENABLE_NS_ASSERTIONS = NO;
				ENABLE_STRICT_OBJC_MSGSEND = YES;
				ENABLE_USER_SCRIPT_SANDBOXING = YES;
				GCC_C_LANGUAGE_STANDARD = gnu17;
				GCC_NO_COMMON_BLOCKS = YES;
				GCC_WARN_64_TO_32_BIT_CONVERSION = YES;
				GCC_WARN_ABOUT_RETURN_TYPE = YES_ERROR;
				GCC_WARN_UNDECLARED_SELECTOR = YES;
				GCC_WARN_UNINITIALIZED_AUTOS = YES_AGGRESSIVE;
				GCC_WARN_UNUSED_FUNCTION = YES;
				GCC_WARN_UNUSED_VARIABLE = YES;
				IPHONEOS_DEPLOYMENT_TARGET = 26.2;
				LOCALIZATION_PREFERS_STRING_CATALOGS = YES;
				MTL_ENABLE_DEBUG_INFO = NO;
				MTL_FAST_MATH = YES;
				SDKROOT = iphoneos;
				STRING_CATALOG_GENERATE_SYMBOLS = YES;
				SWIFT_COMPILATION_MODE = wholemodule;
				VALIDATE_PRODUCT = YES;
			};
			name = Release;
		};
		1B2918C22F73EA8B008A369D /* Debug */ = {
			isa = XCBuildConfiguration;
			buildSettings = {
				ASSETCATALOG_COMPILER_APPICON_NAME = AppIcon;
				ASSETCATALOG_COMPILER_GLOBAL_ACCENT_COLOR_NAME = AccentColor;
				"CODE_SIGN_IDENTITY[sdk=macosx*]" = "-";
				CODE_SIGN_STYLE = Automatic;
				CURRENT_PROJECT_VERSION = 1;
				DEVELOPMENT_TEAM = Y48AZMY2V2;
				ENABLE_PREVIEWS = YES;
				ENABLE_USER_SCRIPT_SANDBOXING = NO;
				GENERATE_INFOPLIST_FILE = YES;
				INFOPLIST_FILE = MythConf26/Info.plist;
				INFOPLIST_KEY_CFBundleDisplayName = MythConf26;
				INFOPLIST_KEY_LSApplicationCategoryType = "public.app-category.education";
				INFOPLIST_KEY_UIApplicationSceneManifest_Generation = YES;
				INFOPLIST_KEY_UIApplicationSupportsIndirectInputEvents = YES;
				INFOPLIST_KEY_UILaunchScreen_Generation = YES;
				INFOPLIST_KEY_UISupportedInterfaceOrientations_iPad = "UIInterfaceOrientationPortrait UIInterfaceOrientationPortraitUpsideDown UIInterfaceOrientationLandscapeLeft UIInterfaceOrientationLandscapeRight";
				INFOPLIST_KEY_UISupportedInterfaceOrientations_iPhone = "UIInterfaceOrientationPortrait UIInterfaceOrientationLandscapeLeft UIInterfaceOrientationLandscapeRight";
				IPHONEOS_DEPLOYMENT_TARGET = 26.0;
				LD_RUNPATH_SEARCH_PATHS = (
					"$(inherited)",
					"@executable_path/Frameworks",
				);
				MARKETING_VERSION = 1.0;
				PRODUCT_BUNDLE_IDENTIFIER = cjp.com.MythConf26;
				PRODUCT_NAME = "$(TARGET_NAME)";
				REGISTER_APP_GROUPS = YES;
				STRING_CATALOG_GENERATE_SYMBOLS = YES;
				SUPPORTED_PLATFORMS = "iphoneos iphonesimulator";
				SUPPORTS_MACCATALYST = YES;
				SUPPORTS_MAC_DESIGNED_FOR_IPHONE_IPAD = NO;
				SUPPORTS_XR_DESIGNED_FOR_IPHONE_IPAD = NO;
				SWIFT_APPROACHABLE_CONCURRENCY = YES;
				SWIFT_DEFAULT_ACTOR_ISOLATION = MainActor;
				SWIFT_EMIT_LOC_STRINGS = YES;
				SWIFT_UPCOMING_FEATURE_MEMBER_IMPORT_VISIBILITY = YES;
				SWIFT_VERSION = 5.0;
				TARGETED_DEVICE_FAMILY = "1,2";
			};
			name = Debug;
		};
		1B2918C32F73EA8B008A369D /* Release */ = {
			isa = XCBuildConfiguration;
			buildSettings = {
				ASSETCATALOG_COMPILER_APPICON_NAME = AppIcon;
				ASSETCATALOG_COMPILER_GLOBAL_ACCENT_COLOR_NAME = AccentColor;
				"CODE_SIGN_IDENTITY[sdk=macosx*]" = "-";
				CODE_SIGN_STYLE = Automatic;
				CURRENT_PROJECT_VERSION = 1;
				DEVELOPMENT_TEAM = Y48AZMY2V2;
				ENABLE_PREVIEWS = YES;
				ENABLE_USER_SCRIPT_SANDBOXING = NO;
				GENERATE_INFOPLIST_FILE = YES;
				INFOPLIST_FILE = MythConf26/Info.plist;
				INFOPLIST_KEY_CFBundleDisplayName = MythConf26;
				INFOPLIST_KEY_LSApplicationCategoryType = "public.app-category.education";
				INFOPLIST_KEY_UIApplicationSceneManifest_Generation = YES;
				INFOPLIST_KEY_UIApplicationSupportsIndirectInputEvents = YES;
				INFOPLIST_KEY_UILaunchScreen_Generation = YES;
				INFOPLIST_KEY_UISupportedInterfaceOrientations_iPad = "UIInterfaceOrientationPortrait UIInterfaceOrientationPortraitUpsideDown UIInterfaceOrientationLandscapeLeft UIInterfaceOrientationLandscapeRight";
				INFOPLIST_KEY_UISupportedInterfaceOrientations_iPhone = "UIInterfaceOrientationPortrait UIInterfaceOrientationLandscapeLeft UIInterfaceOrientationLandscapeRight";
				IPHONEOS_DEPLOYMENT_TARGET = 26.0;
				LD_RUNPATH_SEARCH_PATHS = (
					"$(inherited)",
					"@executable_path/Frameworks",
				);
				MARKETING_VERSION = 1.0;
				PRODUCT_BUNDLE_IDENTIFIER = cjp.com.MythConf26;
				PRODUCT_NAME = "$(TARGET_NAME)";
				REGISTER_APP_GROUPS = YES;
				STRING_CATALOG_GENERATE_SYMBOLS = YES;
				SUPPORTED_PLATFORMS = "iphoneos iphonesimulator";
				SUPPORTS_MACCATALYST = YES;
				SUPPORTS_MAC_DESIGNED_FOR_IPHONE_IPAD = NO;
				SUPPORTS_XR_DESIGNED_FOR_IPHONE_IPAD = NO;
				SWIFT_APPROACHABLE_CONCURRENCY = YES;
				SWIFT_DEFAULT_ACTOR_ISOLATION = MainActor;
				SWIFT_EMIT_LOC_STRINGS = YES;
				SWIFT_UPCOMING_FEATURE_MEMBER_IMPORT_VISIBILITY = YES;
				SWIFT_VERSION = 5.0;
				TARGETED_DEVICE_FAMILY = "1,2";
			};
			name = Release;
		};
		C8D617202FAF5EE500CDFC39 /* Debug */ = {
			isa = XCBuildConfiguration;
			buildSettings = {
				CODE_SIGN_STYLE = Automatic;
				CURRENT_PROJECT_VERSION = 1;
				GENERATE_INFOPLIST_FILE = YES;
				IPHONEOS_DEPLOYMENT_TARGET = 26.4;
				MARKETING_VERSION = 1.0;
				PRODUCT_BUNDLE_IDENTIFIER = cjp.com.MythConf26UITests;
				PRODUCT_NAME = "$(TARGET_NAME)";
				STRING_CATALOG_GENERATE_SYMBOLS = NO;
				SWIFT_APPROACHABLE_CONCURRENCY = YES;
				SWIFT_EMIT_LOC_STRINGS = NO;
				SWIFT_UPCOMING_FEATURE_MEMBER_IMPORT_VISIBILITY = YES;
				SWIFT_VERSION = 5.0;
				TARGETED_DEVICE_FAMILY = "1,2";
				TEST_TARGET_NAME = MythConf26;
			};
			name = Debug;
		};
		C8D617212FAF5EE500CDFC39 /* Release */ = {
			isa = XCBuildConfiguration;
			buildSettings = {
				CODE_SIGN_STYLE = Automatic;
				CURRENT_PROJECT_VERSION = 1;
				GENERATE_INFOPLIST_FILE = YES;
				IPHONEOS_DEPLOYMENT_TARGET = 26.4;
				MARKETING_VERSION = 1.0;
				PRODUCT_BUNDLE_IDENTIFIER = cjp.com.MythConf26UITests;
				PRODUCT_NAME = "$(TARGET_NAME)";
				STRING_CATALOG_GENERATE_SYMBOLS = NO;
				SWIFT_APPROACHABLE_CONCURRENCY = YES;
				SWIFT_EMIT_LOC_STRINGS = NO;
				SWIFT_UPCOMING_FEATURE_MEMBER_IMPORT_VISIBILITY = YES;
				SWIFT_VERSION = 5.0;
				TARGETED_DEVICE_FAMILY = "1,2";
				TEST_TARGET_NAME = MythConf26;
			};
			name = Release;
		};
/* End XCBuildConfiguration section */

/* Begin XCConfigurationList section */
		1B2918B12F73EA8B008A369D /* Build configuration list for PBXProject "MythConf26" */ = {
			isa = XCConfigurationList;
			buildConfigurations = (
				1B2918BF2F73EA8B008A369D /* Debug */,
				1B2918C02F73EA8B008A369D /* Release */,
			);
			defaultConfigurationIsVisible = 0;
			defaultConfigurationName = Release;
		};
		1B2918C12F73EA8B008A369D /* Build configuration list for PBXNativeTarget "MythConf26" */ = {
			isa = XCConfigurationList;
			buildConfigurations = (
				1B2918C22F73EA8B008A369D /* Debug */,
				1B2918C32F73EA8B008A369D /* Release */,
			);
			defaultConfigurationIsVisible = 0;
			defaultConfigurationName = Release;
		};
		C8D6171F2FAF5EE500CDFC39 /* Build configuration list for PBXNativeTarget "MythConf26UITests" */ = {
			isa = XCConfigurationList;
			buildConfigurations = (
				C8D617202FAF5EE500CDFC39 /* Debug */,
				C8D617212FAF5EE500CDFC39 /* Release */,
			);
			defaultConfigurationIsVisible = 0;
			defaultConfigurationName = Release;
		};
/* End XCConfigurationList section */

/* Begin XCRemoteSwiftPackageReference section */
		C83BACAA2FB96A53001114FE /* XCRemoteSwiftPackageReference "FontKit" */ = {
			isa = XCRemoteSwiftPackageReference;
			repositoryURL = "https://github.com/danielsaidi/FontKit.git";
			requirement = {
				kind = upToNextMajorVersion;
				minimumVersion = 0.2.0;
			};
		};
		C8726CED2FB3F0FF0087713F /* XCRemoteSwiftPackageReference "swift-dependencies" */ = {
			isa = XCRemoteSwiftPackageReference;
			repositoryURL = "https://github.com/pointfreeco/swift-dependencies";
			requirement = {
				kind = upToNextMajorVersion;
				minimumVersion = 1.12.0;
			};
		};
/* End XCRemoteSwiftPackageReference section */

/* Begin XCSwiftPackageProductDependency section */
		C83BACAB2FB96A53001114FE /* FontKit */ = {
			isa = XCSwiftPackageProductDependency;
			package = C83BACAA2FB96A53001114FE /* XCRemoteSwiftPackageReference "FontKit" */;
			productName = FontKit;
		};
		C8726CEE2FB3F0FF0087713F /* Dependencies */ = {
			isa = XCSwiftPackageProductDependency;
			package = C8726CED2FB3F0FF0087713F /* XCRemoteSwiftPackageReference "swift-dependencies" */;
			productName = Dependencies;
		};
		C8726CF02FB3F0FF0087713F /* DependenciesMacros */ = {
			isa = XCSwiftPackageProductDependency;
			package = C8726CED2FB3F0FF0087713F /* XCRemoteSwiftPackageReference "swift-dependencies" */;
			productName = DependenciesMacros;
		};
		C8726CF22FB3F0FF0087713F /* DependenciesTestSupport */ = {
			isa = XCSwiftPackageProductDependency;
			package = C8726CED2FB3F0FF0087713F /* XCRemoteSwiftPackageReference "swift-dependencies" */;
			productName = DependenciesTestSupport;
		};
/* End XCSwiftPackageProductDependency section */
	};
	rootObject = 1B2918AE2F73EA8B008A369D /* Project object */;
}
